
Microsoft Visual Studio Solution File, Format Version 11.00
# Visual Studio 2010
Project("{FAE04EC0-301F-11D3-BF4B-00C04F79EFBC}") = "SimpleCSharpApp", "SimpleCSharpApp\SimpleCSharpApp.csproj", "{C53613AE-20DF-4E9D-8855-5E74A000B49C}"
EndProject
Project("{FAE04EC0-301F-11D3-BF4B-00C04F79EFBC}") = "Processing Command-Line Arguments", "Processing Command-Line Arguments\Processing Command-Line Arguments\Processing Command-Line Arguments.csproj", "{52D06F4C-B538-4E1E-8EBE-CCBFA3F8A12D}"
EndProject
Project("{FAE04EC0-301F-11D3-BF4B-00C04F79EFBC}") = "Processing Command-Line Arguments2", "Processing Command-Line Arguments\Processing Command-Line Arguments2\Processing Command-Line Arguments2.csproj", "{E2C16DAA-5E40-479B-B23D-EC2CD5CFF66B}"
EndProject
Project("{FAE04EC0-301F-11D3-BF4B-00C04F79EFBC}") = "ShowEnvorimentDetails", "Envoriment Class\ShowEnvorimentDetails\ShowEnvorimentDetails.csproj", "{686EF473-25D2-48C2-8280-3D2166E82631}"
EndProject
Project("{FAE04EC0-301F-11D3-BF4B-00C04F79EFBC}") = "Basic Input and Output", "Console Class\Basic Input and Output\Basic Input and Output.csproj", "{E5181C88-BE32-42A4-A467-00D0594A1866}"
EndProject
Project("{FAE04EC0-301F-11D3-BF4B-00C04F79EFBC}") = "Formatting Console Output", "Console Class\Formatting Console Output\Formatting Console Output.csproj", "{436D37BD-8CF6-4691-95EC-2F9109323C35}"
EndProject
Project("{2150E333-8FDC-42A3-9474-1A3956D46DE8}") = "System.Envoriment", "System.Envoriment", "{7693AA07-1475-48BF-BBAA-B13C97B3C164}"
EndProject
Project("{2150E333-8FDC-42A3-9474-1A3956D46DE8}") = "Console Class", "Console Class", "{A075D207-B88E-4EE9-A1A1-E6E428C1DBB8}"
EndProject
Project("{2150E333-8FDC-42A3-9474-1A3956D46DE8}") = "Args", "Args", "{370D7D0E-632B-4D3F-B78C-FFE269D86E4A}"
EndProject
Project("{2150E333-8FDC-42A3-9474-1A3956D46DE8}") = "Simple Program", "Simple Program", "{E13829D6-41A6-4545-8CB0-304EFDCBF7FE}"
EndProject
Project("{2150E333-8FDC-42A3-9474-1A3956D46DE8}") = "Formatting", "Formatting", "{1FF0CD82-4990-4928-8210-24575FE066D4}"
EndProject
Project("{FAE04EC0-301F-11D3-BF4B-00C04F79EFBC}") = "Formatting Numerical Data", "Formatting Numerical Data\Formatting Numerical Data.csproj", "{7A83DB3F-FE2E-44E2-83AF-64D5512EAA55}"
EndProject
Project("{FAE04EC0-301F-11D3-BF4B-00C04F79EFBC}") = "Formatting Numerical Data Beyond Console Applications", "Formatting Numerical Data Beyond Console Applications\Formatting Numerical Data Beyond Console Applications.csproj", "{604BE7AF-9BB2-4518-8BB9-865805C532BB}"
EndProject
Project("{2150E333-8FDC-42A3-9474-1A3956D46DE8}") = "System Data Types and Corresponding C Sharp Keywords", "System Data Types and Corresponding C Sharp Keywords", "{1A6C9E93-FA70-4AE0-B30C-ABDC1B5198DC}"
EndProject
Project("{FAE04EC0-301F-11D3-BF4B-00C04F79EFBC}") = "Variable Declaration and Initialization", "Variable Declaration and Initialization\Variable Declaration and Initialization.csproj", "{C76D75B9-49BB-4171-9E83-A148784231F2}"
EndProject
Global
	GlobalSection(SolutionConfigurationPlatforms) = preSolution
		Debug|x86 = Debug|x86
		Release|x86 = Release|x86
	EndGlobalSection
	GlobalSection(ProjectConfigurationPlatforms) = postSolution
		{C53613AE-20DF-4E9D-8855-5E74A000B49C}.Debug|x86.ActiveCfg = Debug|x86
		{C53613AE-20DF-4E9D-8855-5E74A000B49C}.Release|x86.ActiveCfg = Release|x86
		{C53613AE-20DF-4E9D-8855-5E74A000B49C}.Release|x86.Build.0 = Release|x86
		{52D06F4C-B538-4E1E-8EBE-CCBFA3F8A12D}.Debug|x86.ActiveCfg = Debug|x86
		{52D06F4C-B538-4E1E-8EBE-CCBFA3F8A12D}.Debug|x86.Build.0 = Debug|x86
		{52D06F4C-B538-4E1E-8EBE-CCBFA3F8A12D}.Release|x86.ActiveCfg = Release|x86
		{52D06F4C-B538-4E1E-8EBE-CCBFA3F8A12D}.Release|x86.Build.0 = Release|x86
		{E2C16DAA-5E40-479B-B23D-EC2CD5CFF66B}.Debug|x86.ActiveCfg = Debug|x86
		{E2C16DAA-5E40-479B-B23D-EC2CD5CFF66B}.Debug|x86.Build.0 = Debug|x86
		{E2C16DAA-5E40-479B-B23D-EC2CD5CFF66B}.Release|x86.ActiveCfg = Release|x86
		{E2C16DAA-5E40-479B-B23D-EC2CD5CFF66B}.Release|x86.Build.0 = Release|x86
		{686EF473-25D2-48C2-8280-3D2166E82631}.Debug|x86.ActiveCfg = Debug|x86
		{686EF473-25D2-48C2-8280-3D2166E82631}.Debug|x86.Build.0 = Debug|x86
		{686EF473-25D2-48C2-8280-3D2166E82631}.Release|x86.ActiveCfg = Release|x86
		{686EF473-25D2-48C2-8280-3D2166E82631}.Release|x86.Build.0 = Release|x86
		{E5181C88-BE32-42A4-A467-00D0594A1866}.Debug|x86.ActiveCfg = Debug|x86
		{E5181C88-BE32-42A4-A467-00D0594A1866}.Debug|x86.Build.0 = Debug|x86
		{E5181C88-BE32-42A4-A467-00D0594A1866}.Release|x86.ActiveCfg = Release|x86
		{E5181C88-BE32-42A4-A467-00D0594A1866}.Release|x86.Build.0 = Release|x86
		{436D37BD-8CF6-4691-95EC-2F9109323C35}.Debug|x86.ActiveCfg = Debug|x86
		{436D37BD-8CF6-4691-95EC-2F9109323C35}.Debug|x86.Build.0 = Debug|x86
		{436D37BD-8CF6-4691-95EC-2F9109323C35}.Release|x86.ActiveCfg = Release|x86
		{436D37BD-8CF6-4691-95EC-2F9109323C35}.Release|x86.Build.0 = Release|x86
		{7A83DB3F-FE2E-44E2-83AF-64D5512EAA55}.Debug|x86.ActiveCfg = Debug|x86
		{7A83DB3F-FE2E-44E2-83AF-64D5512EAA55}.Debug|x86.Build.0 = Debug|x86
		{7A83DB3F-FE2E-44E2-83AF-64D5512EAA55}.Release|x86.ActiveCfg = Release|x86
		{7A83DB3F-FE2E-44E2-83AF-64D5512EAA55}.Release|x86.Build.0 = Release|x86
		{604BE7AF-9BB2-4518-8BB9-865805C532BB}.Debug|x86.ActiveCfg = Debug|x86
		{604BE7AF-9BB2-4518-8BB9-865805C532BB}.Debug|x86.Build.0 = Debug|x86
		{604BE7AF-9BB2-4518-8BB9-865805C532BB}.Release|x86.ActiveCfg = Release|x86
		{604BE7AF-9BB2-4518-8BB9-865805C532BB}.Release|x86.Build.0 = Release|x86
		{C76D75B9-49BB-4171-9E83-A148784231F2}.Debug|x86.ActiveCfg = Debug|x86
		{C76D75B9-49BB-4171-9E83-A148784231F2}.Debug|x86.Build.0 = Debug|x86
		{C76D75B9-49BB-4171-9E83-A148784231F2}.Release|x86.ActiveCfg = Release|x86
		{C76D75B9-49BB-4171-9E83-A148784231F2}.Release|x86.Build.0 = Release|x86
	EndGlobalSection
	GlobalSection(SolutionProperties) = preSolution
		HideSolutionNode = FALSE
	EndGlobalSection
	GlobalSection(NestedProjects) = preSolution
		{C53613AE-20DF-4E9D-8855-5E74A000B49C} = {E13829D6-41A6-4545-8CB0-304EFDCBF7FE}
		{E2C16DAA-5E40-479B-B23D-EC2CD5CFF66B} = {370D7D0E-632B-4D3F-B78C-FFE269D86E4A}
		{52D06F4C-B538-4E1E-8EBE-CCBFA3F8A12D} = {370D7D0E-632B-4D3F-B78C-FFE269D86E4A}
		{686EF473-25D2-48C2-8280-3D2166E82631} = {7693AA07-1475-48BF-BBAA-B13C97B3C164}
		{1FF0CD82-4990-4928-8210-24575FE066D4} = {A075D207-B88E-4EE9-A1A1-E6E428C1DBB8}
		{E5181C88-BE32-42A4-A467-00D0594A1866} = {A075D207-B88E-4EE9-A1A1-E6E428C1DBB8}
		{436D37BD-8CF6-4691-95EC-2F9109323C35} = {1FF0CD82-4990-4928-8210-24575FE066D4}
		{7A83DB3F-FE2E-44E2-83AF-64D5512EAA55} = {1FF0CD82-4990-4928-8210-24575FE066D4}
		{604BE7AF-9BB2-4518-8BB9-865805C532BB} = {1FF0CD82-4990-4928-8210-24575FE066D4}
		{C76D75B9-49BB-4171-9E83-A148784231F2} = {1A6C9E93-FA70-4AE0-B30C-ABDC1B5198DC}
	EndGlobalSection
EndGlobal
