
Microsoft Visual Studio Solution File, Format Version 11.00
# Visual Studio 2010
Project("{FAE04EC0-301F-11D3-BF4B-00C04F79EFBC}") = "hafta 5", "hafta 5\hafta 5.csproj", "{90DA6A3A-29D8-4811-B776-DE5A1D97C1DE}"
EndProject
Project("{2150E333-8FDC-42A3-9474-1A3956D46DE8}") = "ınterfaces", "ınterfaces", "{38D60F95-1F62-4212-8E45-22E000D4781E}"
EndProject
Project("{2150E333-8FDC-42A3-9474-1A3956D46DE8}") = "windows form app", "windows form app", "{5B828025-BF3D-4B76-94C8-C179E10D1CC0}"
EndProject
Project("{FAE04EC0-301F-11D3-BF4B-00C04F79EFBC}") = "Collections", "Collections\Collections.csproj", "{FC8918F8-CC95-4257-B069-CA1B01F76A0F}"
EndProject
Global
	GlobalSection(SolutionConfigurationPlatforms) = preSolution
		Debug|x86 = Debug|x86
		Release|x86 = Release|x86
	EndGlobalSection
	GlobalSection(ProjectConfigurationPlatforms) = postSolution
		{90DA6A3A-29D8-4811-B776-DE5A1D97C1DE}.Debug|x86.ActiveCfg = Debug|x86
		{90DA6A3A-29D8-4811-B776-DE5A1D97C1DE}.Debug|x86.Build.0 = Debug|x86
		{90DA6A3A-29D8-4811-B776-DE5A1D97C1DE}.Release|x86.ActiveCfg = Release|x86
		{90DA6A3A-29D8-4811-B776-DE5A1D97C1DE}.Release|x86.Build.0 = Release|x86
		{FC8918F8-CC95-4257-B069-CA1B01F76A0F}.Debug|x86.ActiveCfg = Debug|x86
		{FC8918F8-CC95-4257-B069-CA1B01F76A0F}.Debug|x86.Build.0 = Debug|x86
		{FC8918F8-CC95-4257-B069-CA1B01F76A0F}.Release|x86.ActiveCfg = Release|x86
		{FC8918F8-CC95-4257-B069-CA1B01F76A0F}.Release|x86.Build.0 = Release|x86
	EndGlobalSection
	GlobalSection(SolutionProperties) = preSolution
		HideSolutionNode = FALSE
	EndGlobalSection
	GlobalSection(NestedProjects) = preSolution
		{90DA6A3A-29D8-4811-B776-DE5A1D97C1DE} = {38D60F95-1F62-4212-8E45-22E000D4781E}
		{FC8918F8-CC95-4257-B069-CA1B01F76A0F} = {5B828025-BF3D-4B76-94C8-C179E10D1CC0}
	EndGlobalSection
EndGlobal
