
Microsoft Visual Studio Solution File, Format Version 11.00
# Visual Studio 2010
Project("{FAE04EC0-301F-11D3-BF4B-00C04F79EFBC}") = "tıklama ile doğru çizdirme", "tıklama ile doğru çizdirme\tıklama ile doğru çizdirme.csproj", "{7E795029-F21C-4BDF-B515-08A5307D5248}"
EndProject
Global
	GlobalSection(SolutionConfigurationPlatforms) = preSolution
		Debug|x86 = Debug|x86
		Release|x86 = Release|x86
	EndGlobalSection
	GlobalSection(ProjectConfigurationPlatforms) = postSolution
		{7E795029-F21C-4BDF-B515-08A5307D5248}.Debug|x86.ActiveCfg = Debug|x86
		{7E795029-F21C-4BDF-B515-08A5307D5248}.Debug|x86.Build.0 = Debug|x86
		{7E795029-F21C-4BDF-B515-08A5307D5248}.Release|x86.ActiveCfg = Release|x86
		{7E795029-F21C-4BDF-B515-08A5307D5248}.Release|x86.Build.0 = Release|x86
	EndGlobalSection
	GlobalSection(SolutionProperties) = preSolution
		HideSolutionNode = FALSE
	EndGlobalSection
EndGlobal
